
Microsoft Visual Studio Solution File, Format Version 12.00
# Visual Studio Version 16
VisualStudioVersion = 16.0.29009.5
MinimumVisualStudioVersion = 10.0.40219.1
Project("{8BC9CEB8-8B4A-11D0-8D11-00A0C91BC942}") = "RobotHAL", "RobotHAL.vcxproj", "{FFE91E1E-54F1-44A8-BF7F-769DCD1EECE8}"
EndProject
Global
	GlobalSection(SolutionConfigurationPlatforms) = preSolution
		Debug|x64 = Debug|x64
		Debug|x86 = Debug|x86
		Release|x64 = Release|x64
		Release|x86 = Release|x86
	EndGlobalSection
	GlobalSection(ProjectConfigurationPlatforms) = postSolution
		{FFE91E1E-54F1-44A8-BF7F-769DCD1EECE8}.Debug|x64.ActiveCfg = Debug|x64
		{FFE91E1E-54F1-44A8-BF7F-769DCD1EECE8}.Debug|x64.Build.0 = Debug|x64
		{FFE91E1E-54F1-44A8-BF7F-769DCD1EECE8}.Debug|x86.ActiveCfg = Debug|Win32
		{FFE91E1E-54F1-44A8-BF7F-769DCD1EECE8}.Debug|x86.Build.0 = Debug|Win32
		{FFE91E1E-54F1-44A8-BF7F-769DCD1EECE8}.Release|x64.ActiveCfg = Release|x64
		{FFE91E1E-54F1-44A8-BF7F-769DCD1EECE8}.Release|x64.Build.0 = Release|x64
		{FFE91E1E-54F1-44A8-BF7F-769DCD1EECE8}.Release|x86.ActiveCfg = Release|Win32
		{FFE91E1E-54F1-44A8-BF7F-769DCD1EECE8}.Release|x86.Build.0 = Release|Win32
	EndGlobalSection
	GlobalSection(SolutionProperties) = preSolution
		HideSolutionNode = FALSE
	EndGlobalSection
	GlobalSection(ExtensibilityGlobals) = postSolution
		SolutionGuid = {C0D2E9E3-8FCF-4FE3-8BE6-1F719DC7DCE0}
	EndGlobalSection
EndGlobal
